
Microsoft Visual Studio Solution File, Format Version 12.00
# Visual Studio 15
VisualStudioVersion = 15.0.27703.2042
MinimumVisualStudioVersion = 10.0.40219.1
Project("{FAE04EC0-301F-11D3-BF4B-00C04F79EFBC}") = "Economic Imperium", "KontGeld\Economic Imperium.csproj", "{1111F58A-61F4-4663-99A5-A2DB0F5E1028}"
EndProject
Global
	GlobalSection(SolutionConfigurationPlatforms) = preSolution
		Debug|Any CPU = Debug|Any CPU
		Release|Any CPU = Release|Any CPU
	EndGlobalSection
	GlobalSection(ProjectConfigurationPlatforms) = postSolution
		{1111F58A-61F4-4663-99A5-A2DB0F5E1028}.Debug|Any CPU.ActiveCfg = Debug|Any CPU
		{1111F58A-61F4-4663-99A5-A2DB0F5E1028}.Debug|Any CPU.Build.0 = Debug|Any CPU
		{1111F58A-61F4-4663-99A5-A2DB0F5E1028}.Release|Any CPU.ActiveCfg = Release|Any CPU
		{1111F58A-61F4-4663-99A5-A2DB0F5E1028}.Release|Any CPU.Build.0 = Release|Any CPU
	EndGlobalSection
	GlobalSection(SolutionProperties) = preSolution
		HideSolutionNode = FALSE
	EndGlobalSection
	GlobalSection(ExtensibilityGlobals) = postSolution
		SolutionGuid = {0CA5AF90-33DA-4105-9184-701A3BFC8701}
	EndGlobalSection
EndGlobal
